
Microsoft Visual Studio Solution File, Format Version 12.00
# Visual Studio Version 16
VisualStudioVersion = 16.0.30804.86
MinimumVisualStudioVersion = 10.0.40219.1
Project("{FAE04EC0-301F-11D3-BF4B-00C04F79EFBC}") = "MqttXamarinAndroid", "MqttXamarinAndroid\MqttXamarinAndroid.csproj", "{43431F60-6451-4BD1-8A8A-2D5111ADA2D2}"
EndProject
Global
	GlobalSection(SolutionConfigurationPlatforms) = preSolution
		Debug|Any CPU = Debug|Any CPU
		Release|Any CPU = Release|Any CPU
	EndGlobalSection
	GlobalSection(ProjectConfigurationPlatforms) = postSolution
		{43431F60-6451-4BD1-8A8A-2D5111ADA2D2}.Debug|Any CPU.ActiveCfg = Debug|Any CPU
		{43431F60-6451-4BD1-8A8A-2D5111ADA2D2}.Debug|Any CPU.Build.0 = Debug|Any CPU
		{43431F60-6451-4BD1-8A8A-2D5111ADA2D2}.Debug|Any CPU.Deploy.0 = Debug|Any CPU
		{43431F60-6451-4BD1-8A8A-2D5111ADA2D2}.Release|Any CPU.ActiveCfg = Release|Any CPU
		{43431F60-6451-4BD1-8A8A-2D5111ADA2D2}.Release|Any CPU.Build.0 = Release|Any CPU
	EndGlobalSection
	GlobalSection(SolutionProperties) = preSolution
		HideSolutionNode = FALSE
	EndGlobalSection
	GlobalSection(ExtensibilityGlobals) = postSolution
		SolutionGuid = {8A450C4C-13AA-4B66-A395-2A112AEE9763}
	EndGlobalSection
EndGlobal
